{
  "requires": true,
  "lockfileVersion": 1,
  "dependencies": {
    "@popperjs/core": {
      "version": "2.10.2",
      "resolved": "https://registry.npmjs.org/@popperjs/core/-/core-2.10.2.tgz",
      "integrity": "sha512-IXf3XA7+XyN7CP9gGh/XB0UxVMlvARGEgGXLubFICsUMGz6Q+DU+i4gGlpOxTjKvXjkJDJC8YdqdKkDj9qZHEQ=="
    },
    "classnames": {
      "version": "2.3.1",
      "resolved": "https://registry.npmjs.org/classnames/-/classnames-2.3.1.tgz",
      "integrity": "sha512-OlQdbZ7gLfGarSqxesMesDa5uz7KFbID8Kpq/SxIoNGDqY8lSYs0D+hhtBXhcdB3rcbXArFr7vlHheLk1voeNA=="
    },
    "react-pro-sidebar": {
      "version": "0.7.1",
      "resolved": "https://registry.npmjs.org/react-pro-sidebar/-/react-pro-sidebar-0.7.1.tgz",
      "integrity": "sha512-Iy1X8ce4t5Vqz4CsyzjwokGUE3/IObgmYzS0ins7/2eWKle0SMUPaWdgMKFIVjtVrMr5vmjPbRicq8FxnVaf8A==",
      "requires": {
        "@popperjs/core": "^2.4.0",
        "classnames": "^2.2.6",
        "react-slidedown": "^2.4.5",
        "resize-observer-polyfill": "^1.5.1"
      }
    },
    "react-slidedown": {
      "version": "2.4.5",
      "resolved": "https://registry.npmjs.org/react-slidedown/-/react-slidedown-2.4.5.tgz",
      "integrity": "sha512-zFDhgqQ1ZLfRr+rQA7p+13OTT/+zUR/+3v3JnwrnXPM8R+1KHhuTNseYHU8jYN3QfxjJXtqve0rgbWCBiFkpiw==",
      "requires": {
        "tslib": "^1.9.0"
      }
    },
    "resize-observer-polyfill": {
      "version": "1.5.1",
      "resolved": "https://registry.npmjs.org/resize-observer-polyfill/-/resize-observer-polyfill-1.5.1.tgz",
      "integrity": "sha512-LwZrotdHOo12nQuZlHEmtuXdqGoOD0OhaxopaNFxWzInpEgaLWoVuAMbTzixuosCx2nEG58ngzW3vxdWoxIgdg=="
    },
    "tslib": {
      "version": "1.14.1",
      "resolved": "https://registry.npmjs.org/tslib/-/tslib-1.14.1.tgz",
      "integrity": "sha512-Xni35NKzjgMrwevysHTCArtLDpPvye8zV/0E4EyYn43P7/7qvQwPh9BGkHewbMulVntbigmcT7rdX3BNo9wRJg=="
    }
  }
}
